
Microsoft Visual Studio Solution File, Format Version 12.00
# Visual Studio Version 17
VisualStudioVersion = 17.14.36401.2 d17.14
MinimumVisualStudioVersion = 10.0.40219.1
Project("{FAE04EC0-301F-11D3-BF4B-00C04F79EFBC}") = "TasksWithDb", "TasksWithDb.csproj", "{16B95FCD-D533-4689-B6E6-01C3BD45D90A}"
EndProject
Global
	GlobalSection(SolutionConfigurationPlatforms) = preSolution
		Debug|Any CPU = Debug|Any CPU
		Release|Any CPU = Release|Any CPU
	EndGlobalSection
	GlobalSection(ProjectConfigurationPlatforms) = postSolution
		{16B95FCD-D533-4689-B6E6-01C3BD45D90A}.Debug|Any CPU.ActiveCfg = Debug|Any CPU
		{16B95FCD-D533-4689-B6E6-01C3BD45D90A}.Debug|Any CPU.Build.0 = Debug|Any CPU
		{16B95FCD-D533-4689-B6E6-01C3BD45D90A}.Release|Any CPU.ActiveCfg = Release|Any CPU
		{16B95FCD-D533-4689-B6E6-01C3BD45D90A}.Release|Any CPU.Build.0 = Release|Any CPU
	EndGlobalSection
	GlobalSection(SolutionProperties) = preSolution
		HideSolutionNode = FALSE
	EndGlobalSection
	GlobalSection(ExtensibilityGlobals) = postSolution
		SolutionGuid = {A4326E87-972C-471B-9852-8F41DE3D1698}
	EndGlobalSection
EndGlobal
